
Microsoft Visual Studio Solution File, Format Version 12.00
# Visual Studio Version 16
VisualStudioVersion = 16.0.31129.286
MinimumVisualStudioVersion = 10.0.40219.1
Project("{2150E333-8FDC-42A3-9474-1A3956D46DE8}") = "MicroServices", "MicroServices", "{7E73FEA7-5770-4BC6-8221-2C273D8D96E3}"
EndProject
Project("{FAE04EC0-301F-11D3-BF4B-00C04F79EFBC}") = "Gateway.WebApi", "Gateway.WebApi\Gateway.WebApi.csproj", "{63B10B0F-4EC6-4B47-B619-43FDD4764416}"
EndProject
Project("{FAE04EC0-301F-11D3-BF4B-00C04F79EFBC}") = "OrganizationSetup", "OrganizationSetup\OrganizationSetup.csproj", "{A75F8C62-5E51-422F-ACC5-AC3BBAF6E957}"
EndProject
Project("{FAE04EC0-301F-11D3-BF4B-00C04F79EFBC}") = "FBP", "FBP\FBP.csproj", "{08E466D5-94D5-4780-9DD1-7BF946ED1DF5}"
EndProject
Project("{E53339B2-1760-4266-BCC7-CA923CBCF16C}") = "docker-compose", "docker-compose.dcproj", "{E6693826-38C3-47FC-81AD-8C1A21EA6CFE}"
EndProject
Global
	GlobalSection(SolutionConfigurationPlatforms) = preSolution
		Debug|Any CPU = Debug|Any CPU
		Release|Any CPU = Release|Any CPU
	EndGlobalSection
	GlobalSection(ProjectConfigurationPlatforms) = postSolution
		{63B10B0F-4EC6-4B47-B619-43FDD4764416}.Debug|Any CPU.ActiveCfg = Debug|Any CPU
		{63B10B0F-4EC6-4B47-B619-43FDD4764416}.Debug|Any CPU.Build.0 = Debug|Any CPU
		{63B10B0F-4EC6-4B47-B619-43FDD4764416}.Release|Any CPU.ActiveCfg = Release|Any CPU
		{63B10B0F-4EC6-4B47-B619-43FDD4764416}.Release|Any CPU.Build.0 = Release|Any CPU
		{A75F8C62-5E51-422F-ACC5-AC3BBAF6E957}.Debug|Any CPU.ActiveCfg = Debug|Any CPU
		{A75F8C62-5E51-422F-ACC5-AC3BBAF6E957}.Debug|Any CPU.Build.0 = Debug|Any CPU
		{A75F8C62-5E51-422F-ACC5-AC3BBAF6E957}.Release|Any CPU.ActiveCfg = Release|Any CPU
		{A75F8C62-5E51-422F-ACC5-AC3BBAF6E957}.Release|Any CPU.Build.0 = Release|Any CPU
		{08E466D5-94D5-4780-9DD1-7BF946ED1DF5}.Debug|Any CPU.ActiveCfg = Debug|Any CPU
		{08E466D5-94D5-4780-9DD1-7BF946ED1DF5}.Debug|Any CPU.Build.0 = Debug|Any CPU
		{08E466D5-94D5-4780-9DD1-7BF946ED1DF5}.Release|Any CPU.ActiveCfg = Release|Any CPU
		{08E466D5-94D5-4780-9DD1-7BF946ED1DF5}.Release|Any CPU.Build.0 = Release|Any CPU
		{E6693826-38C3-47FC-81AD-8C1A21EA6CFE}.Debug|Any CPU.ActiveCfg = Debug|Any CPU
		{E6693826-38C3-47FC-81AD-8C1A21EA6CFE}.Debug|Any CPU.Build.0 = Debug|Any CPU
		{E6693826-38C3-47FC-81AD-8C1A21EA6CFE}.Release|Any CPU.ActiveCfg = Release|Any CPU
		{E6693826-38C3-47FC-81AD-8C1A21EA6CFE}.Release|Any CPU.Build.0 = Release|Any CPU
	EndGlobalSection
	GlobalSection(SolutionProperties) = preSolution
		HideSolutionNode = FALSE
	EndGlobalSection
	GlobalSection(NestedProjects) = preSolution
		{A75F8C62-5E51-422F-ACC5-AC3BBAF6E957} = {7E73FEA7-5770-4BC6-8221-2C273D8D96E3}
		{08E466D5-94D5-4780-9DD1-7BF946ED1DF5} = {7E73FEA7-5770-4BC6-8221-2C273D8D96E3}
	EndGlobalSection
	GlobalSection(ExtensibilityGlobals) = postSolution
		SolutionGuid = {A375094C-3F01-4713-AA24-3625C95F7E55}
	EndGlobalSection
EndGlobal
